// !$*UTF8*$!
{
	archiveVersion = 1;
	classes = {
	};
	objectVersion = 50;
	objects = {

/* Begin PBXBuildFile section */
		FF1137E0254FD0E30011E074 /* ContactsApp.swift in Sources */ = {isa = PBXBuildFile; fileRef = FF1137DF254FD0E30011E074 /* ContactsApp.swift */; };
		FF1137E2254FD0E30011E074 /* ContentView.swift in Sources */ = {isa = PBXBuildFile; fileRef = FF1137E1254FD0E30011E074 /* ContentView.swift */; };
		FF1137E4254FD0E50011E074 /* Assets.xcassets in Resources */ = {isa = PBXBuildFile; fileRef = FF1137E3254FD0E50011E074 /* Assets.xcassets */; };
		FF1137E7254FD0E50011E074 /* Preview Assets.xcassets in Resources */ = {isa = PBXBuildFile; fileRef = FF1137E6254FD0E50011E074 /* Preview Assets.xcassets */; };
		FF1137F5254FD1AA0011E074 /* DataManager.swift in Sources */ = {isa = PBXBuildFile; fileRef = FF1137F4254FD1AA0011E074 /* DataManager.swift */; };
		FF6C26662551DC09001BC15E /* Person.swift in Sources */ = {isa = PBXBuildFile; fileRef = FF6C26652551DC09001BC15E /* Person.swift */; };
		FF6C266A2551DF60001BC15E /* RowView.swift in Sources */ = {isa = PBXBuildFile; fileRef = FF6C26692551DF60001BC15E /* RowView.swift */; };
		FF6C266E2551E0DD001BC15E /* SectionsContacts.swift in Sources */ = {isa = PBXBuildFile; fileRef = FF6C266D2551E0DD001BC15E /* SectionsContacts.swift */; };
		FF6C26722551E3BE001BC15E /* ContactDetails.swift in Sources */ = {isa = PBXBuildFile; fileRef = FF6C26712551E3BE001BC15E /* ContactDetails.swift */; };
		FF6C26762551E598001BC15E /* ContactList.swift in Sources */ = {isa = PBXBuildFile; fileRef = FF6C26752551E598001BC15E /* ContactList.swift */; };
/* End PBXBuildFile section */

/* Begin PBXFileReference section */
		FF1137DC254FD0E30011E074 /* Contacts.app */ = {isa = PBXFileReference; explicitFileType = wrapper.application; includeInIndex = 0; path = Contacts.app; sourceTree = BUILT_PRODUCTS_DIR; };
		FF1137DF254FD0E30011E074 /* ContactsApp.swift */ = {isa = PBXFileReference; lastKnownFileType = sourcecode.swift; path = ContactsApp.swift; sourceTree = "<group>"; };
		FF1137E1254FD0E30011E074 /* ContentView.swift */ = {isa = PBXFileReference; lastKnownFileType = sourcecode.swift; path = ContentView.swift; sourceTree = "<group>"; };
		FF1137E3254FD0E50011E074 /* Assets.xcassets */ = {isa = PBXFileReference; lastKnownFileType = folder.assetcatalog; path = Assets.xcassets; sourceTree = "<group>"; };
		FF1137E6254FD0E50011E074 /* Preview Assets.xcassets */ = {isa = PBXFileReference; lastKnownFileType = folder.assetcatalog; path = "Preview Assets.xcassets"; sourceTree = "<group>"; };
		FF1137E8254FD0E50011E074 /* Info.plist */ = {isa = PBXFileReference; lastKnownFileType = text.plist.xml; path = Info.plist; sourceTree = "<group>"; };
		FF1137F4254FD1AA0011E074 /* DataManager.swift */ = {isa = PBXFileReference; lastKnownFileType = sourcecode.swift; path = DataManager.swift; sourceTree = "<group>"; };
		FF6C26652551DC09001BC15E /* Person.swift */ = {isa = PBXFileReference; lastKnownFileType = sourcecode.swift; path = Person.swift; sourceTree = "<group>"; };
		FF6C26692551DF60001BC15E /* RowView.swift */ = {isa = PBXFileReference; lastKnownFileType = sourcecode.swift; path = RowView.swift; sourceTree = "<group>"; };
		FF6C266D2551E0DD001BC15E /* SectionsContacts.swift */ = {isa = PBXFileReference; lastKnownFileType = sourcecode.swift; path = SectionsContacts.swift; sourceTree = "<group>"; };
		FF6C26712551E3BE001BC15E /* ContactDetails.swift */ = {isa = PBXFileReference; lastKnownFileType = sourcecode.swift; path = ContactDetails.swift; sourceTree = "<group>"; };
		FF6C26752551E598001BC15E /* ContactList.swift */ = {isa = PBXFileReference; lastKnownFileType = sourcecode.swift; path = ContactList.swift; sourceTree = "<group>"; };
/* End PBXFileReference section */

/* Begin PBXFrameworksBuildPhase section */
		FF1137D9254FD0E30011E074 /* Frameworks */ = {
			isa = PBXFrameworksBuildPhase;
			buildActionMask = 2147483647;
			files = (
			);
			runOnlyForDeploymentPostprocessing = 0;
		};
/* End PBXFrameworksBuildPhase section */

/* Begin PBXGroup section */
		FF1137D3254FD0E30011E074 = {
			isa = PBXGroup;
			children = (
				FF1137DE254FD0E30011E074 /* Contacts */,
				FF1137DD254FD0E30011E074 /* Products */,
			);
			sourceTree = "<group>";
		};
		FF1137DD254FD0E30011E074 /* Products */ = {
			isa = PBXGroup;
			children = (
				FF1137DC254FD0E30011E074 /* Contacts.app */,
			);
			name = Products;
			sourceTree = "<group>";
		};
		FF1137DE254FD0E30011E074 /* Contacts */ = {
			isa = PBXGroup;
			children = (
				FF6C26642551DBA6001BC15E /* Models */,
				FF1137EF254FD0EF0011E074 /* Views */,
				FF1137F7254FD1B00011E074 /* Managers */,
				FF1137F1254FD0F90011E074 /* Sources */,
				FF1137F2254FD1060011E074 /* Supporting */,
				FF1137E5254FD0E50011E074 /* Preview Content */,
			);
			path = Contacts;
			sourceTree = "<group>";
		};
		FF1137E5254FD0E50011E074 /* Preview Content */ = {
			isa = PBXGroup;
			children = (
				FF1137E6254FD0E50011E074 /* Preview Assets.xcassets */,
			);
			path = "Preview Content";
			sourceTree = "<group>";
		};
		FF1137EF254FD0EF0011E074 /* Views */ = {
			isa = PBXGroup;
			children = (
				FF1137DF254FD0E30011E074 /* ContactsApp.swift */,
				FF1137E1254FD0E30011E074 /* ContentView.swift */,
				FF6C26752551E598001BC15E /* ContactList.swift */,
				FF6C26712551E3BE001BC15E /* ContactDetails.swift */,
				FF6C266D2551E0DD001BC15E /* SectionsContacts.swift */,
				FF6C26692551DF60001BC15E /* RowView.swift */,
			);
			path = Views;
			sourceTree = "<group>";
		};
		FF1137F1254FD0F90011E074 /* Sources */ = {
			isa = PBXGroup;
			children = (
				FF1137E3254FD0E50011E074 /* Assets.xcassets */,
			);
			path = Sources;
			sourceTree = "<group>";
		};
		FF1137F2254FD1060011E074 /* Supporting */ = {
			isa = PBXGroup;
			children = (
				FF1137E8254FD0E50011E074 /* Info.plist */,
			);
			path = Supporting;
			sourceTree = "<group>";
		};
		FF1137F7254FD1B00011E074 /* Managers */ = {
			isa = PBXGroup;
			children = (
				FF1137F4254FD1AA0011E074 /* DataManager.swift */,
			);
			path = Managers;
			sourceTree = "<group>";
		};
		FF6C26642551DBA6001BC15E /* Models */ = {
			isa = PBXGroup;
			children = (
				FF6C26652551DC09001BC15E /* Person.swift */,
			);
			path = Models;
			sourceTree = "<group>";
		};
/* End PBXGroup section */

/* Begin PBXNativeTarget section */
		FF1137DB254FD0E30011E074 /* Contacts */ = {
			isa = PBXNativeTarget;
			buildConfigurationList = FF1137EB254FD0E50011E074 /* Build configuration list for PBXNativeTarget "Contacts" */;
			buildPhases = (
				FF1137D8254FD0E30011E074 /* Sources */,
				FF1137D9254FD0E30011E074 /* Frameworks */,
				FF1137DA254FD0E30011E074 /* Resources */,
			);
			buildRules = (
			);
			dependencies = (
			);
			name = Contacts;
			productName = Contacts;
			productReference = FF1137DC254FD0E30011E074 /* Contacts.app */;
			productType = "com.apple.product-type.application";
		};
/* End PBXNativeTarget section */

/* Begin PBXProject section */
		FF1137D4254FD0E30011E074 /* Project object */ = {
			isa = PBXProject;
			attributes = {
				LastSwiftUpdateCheck = 1210;
				LastUpgradeCheck = 1210;
				TargetAttributes = {
					FF1137DB254FD0E30011E074 = {
						CreatedOnToolsVersion = 12.1;
					};
				};
			};
			buildConfigurationList = FF1137D7254FD0E30011E074 /* Build configuration list for PBXProject "Contacts" */;
			compatibilityVersion = "Xcode 9.3";
			developmentRegion = en;
			hasScannedForEncodings = 0;
			knownRegions = (
				en,
				Base,
			);
			mainGroup = FF1137D3254FD0E30011E074;
			productRefGroup = FF1137DD254FD0E30011E074 /* Products */;
			projectDirPath = "";
			projectRoot = "";
			targets = (
				FF1137DB254FD0E30011E074 /* Contacts */,
			);
		};
/* End PBXProject section */

/* Begin PBXResourcesBuildPhase section */
		FF1137DA254FD0E30011E074 /* Resources */ = {
			isa = PBXResourcesBuildPhase;
			buildActionMask = 2147483647;
			files = (
				FF1137E7254FD0E50011E074 /* Preview Assets.xcassets in Resources */,
				FF1137E4254FD0E50011E074 /* Assets.xcassets in Resources */,
			);
			runOnlyForDeploymentPostprocessing = 0;
		};
/* End PBXResourcesBuildPhase section */

/* Begin PBXSourcesBuildPhase section */
		FF1137D8254FD0E30011E074 /* Sources */ = {
			isa = PBXSourcesBuildPhase;
			buildActionMask = 2147483647;
			files = (
				FF6C266E2551E0DD001BC15E /* SectionsContacts.swift in Sources */,
				FF1137E2254FD0E30011E074 /* ContentView.swift in Sources */,
				FF6C266A2551DF60001BC15E /* RowView.swift in Sources */,
				FF1137F5254FD1AA0011E074 /* DataManager.swift in Sources */,
				FF6C26762551E598001BC15E /* ContactList.swift in Sources */,
				FF6C26722551E3BE001BC15E /* ContactDetails.swift in Sources */,
				FF6C26662551DC09001BC15E /* Person.swift in Sources */,
				FF1137E0254FD0E30011E074 /* ContactsApp.swift in Sources */,
			);
			runOnlyForDeploymentPostprocessing = 0;
		};
/* End PBXSourcesBuildPhase section */

/* Begin XCBuildConfiguration section */
		FF1137E9254FD0E50011E074 /* Debug */ = {
			isa = XCBuildConfiguration;
			buildSettings = {
				ALWAYS_SEARCH_USER_PATHS = NO;
				CLANG_ANALYZER_NONNULL = YES;
				CLANG_ANALYZER_NUMBER_OBJECT_CONVERSION = YES_AGGRESSIVE;
				CLANG_CXX_LANGUAGE_STANDARD = "gnu++14";
				CLANG_CXX_LIBRARY = "libc++";
				CLANG_ENABLE_MODULES = YES;
				CLANG_ENABLE_OBJC_ARC = YES;
				CLANG_ENABLE_OBJC_WEAK = YES;
				CLANG_WARN_BLOCK_CAPTURE_AUTORELEASING = YES;
				CLANG_WARN_BOOL_CONVERSION = YES;
				CLANG_WARN_COMMA = YES;
				CLANG_WARN_CONSTANT_CONVERSION = YES;
				CLANG_WARN_DEPRECATED_OBJC_IMPLEMENTATIONS = YES;
				CLANG_WARN_DIRECT_OBJC_ISA_USAGE = YES_ERROR;
				CLANG_WARN_DOCUMENTATION_COMMENTS = YES;
				CLANG_WARN_EMPTY_BODY = YES;
				CLANG_WARN_ENUM_CONVERSION = YES;
				CLANG_WARN_INFINITE_RECURSION = YES;
				CLANG_WARN_INT_CONVERSION = YES;
				CLANG_WARN_NON_LITERAL_NULL_CONVERSION = YES;
				CLANG_WARN_OBJC_IMPLICIT_RETAIN_SELF = YES;
				CLANG_WARN_OBJC_LITERAL_CONVERSION = YES;
				CLANG_WARN_OBJC_ROOT_CLASS = YES_ERROR;
				CLANG_WARN_QUOTED_INCLUDE_IN_FRAMEWORK_HEADER = YES;
				CLANG_WARN_RANGE_LOOP_ANALYSIS = YES;
				CLANG_WARN_STRICT_PROTOTYPES = YES;
				CLANG_WARN_SUSPICIOUS_MOVE = YES;
				CLANG_WARN_UNGUARDED_AVAILABILITY = YES_AGGRESSIVE;
				CLANG_WARN_UNREACHABLE_CODE = YES;
				CLANG_WARN__DUPLICATE_METHOD_MATCH = YES;
				COPY_PHASE_STRIP = NO;
				DEBUG_INFORMATION_FORMAT = dwarf;
				ENABLE_STRICT_OBJC_MSGSEND = YES;
				ENABLE_TESTABILITY = YES;
				GCC_C_LANGUAGE_STANDARD = gnu11;
				GCC_DYNAMIC_NO_PIC = NO;
				GCC_NO_COMMON_BLOCKS = YES;
				GCC_OPTIMIZATION_LEVEL = 0;
				GCC_PREPROCESSOR_DEFINITIONS = (
					"DEBUG=1",
					"$(inherited)",
				);
				GCC_WARN_64_TO_32_BIT_CONVERSION = YES;
				GCC_WARN_ABOUT_RETURN_TYPE = YES_ERROR;
				GCC_WARN_UNDECLARED_SELECTOR = YES;
				GCC_WARN_UNINITIALIZED_AUTOS = YES_AGGRESSIVE;
				GCC_WARN_UNUSED_FUNCTION = YES;
				GCC_WARN_UNUSED_VARIABLE = YES;
				IPHONEOS_DEPLOYMENT_TARGET = 14.1;
				MTL_ENABLE_DEBUG_INFO = INCLUDE_SOURCE;
				MTL_FAST_MATH = YES;
				ONLY_ACTIVE_ARCH = YES;
				SDKROOT = iphoneos;
				SWIFT_ACTIVE_COMPILATION_CONDITIONS = DEBUG;
				SWIFT_OPTIMIZATION_LEVEL = "-Onone";
			};
			name = Debug;
		};
		FF1137EA254FD0E50011E074 /* Release */ = {
			isa = XCBuildConfiguration;
			buildSettings = {
				ALWAYS_SEARCH_USER_PATHS = NO;
				CLANG_ANALYZER_NONNULL = YES;
				CLANG_ANALYZER_NUMBER_OBJECT_CONVERSION = YES_AGGRESSIVE;
				CLANG_CXX_LANGUAGE_STANDARD = "gnu++14";
				CLANG_CXX_LIBRARY = "libc++";
				CLANG_ENABLE_MODULES = YES;
				CLANG_ENABLE_OBJC_ARC = YES;
				CLANG_ENABLE_OBJC_WEAK = YES;
				CLANG_WARN_BLOCK_CAPTURE_AUTORELEASING = YES;
				CLANG_WARN_BOOL_CONVERSION = YES;
				CLANG_WARN_COMMA = YES;
				CLANG_WARN_CONSTANT_CONVERSION = YES;
				CLANG_WARN_DEPRECATED_OBJC_IMPLEMENTATIONS = YES;
				CLANG_WARN_DIRECT_OBJC_ISA_USAGE = YES_ERROR;
				CLANG_WARN_DOCUMENTATION_COMMENTS = YES;
				CLANG_WARN_EMPTY_BODY = YES;
				CLANG_WARN_ENUM_CONVERSION = YES;
				CLANG_WARN_INFINITE_RECURSION = YES;
				CLANG_WARN_INT_CONVERSION = YES;
				CLANG_WARN_NON_LITERAL_NULL_CONVERSION = YES;
				CLANG_WARN_OBJC_IMPLICIT_RETAIN_SELF = YES;
				CLANG_WARN_OBJC_LITERAL_CONVERSION = YES;
				CLANG_WARN_OBJC_ROOT_CLASS = YES_ERROR;
				CLANG_WARN_QUOTED_INCLUDE_IN_FRAMEWORK_HEADER = YES;
				CLANG_WARN_RANGE_LOOP_ANALYSIS = YES;
				CLANG_WARN_STRICT_PROTOTYPES = YES;
				CLANG_WARN_SUSPICIOUS_MOVE = YES;
				CLANG_WARN_UNGUARDED_AVAILABILITY = YES_AGGRESSIVE;
				CLANG_WARN_UNREACHABLE_CODE = YES;
				CLANG_WARN__DUPLICATE_METHOD_MATCH = YES;
				COPY_PHASE_STRIP = NO;
				DEBUG_INFORMATION_FORMAT = "dwarf-with-dsym";
				ENABLE_NS_ASSERTIONS = NO;
				ENABLE_STRICT_OBJC_MSGSEND = YES;
				GCC_C_LANGUAGE_STANDARD = gnu11;
				GCC_NO_COMMON_BLOCKS = YES;
				GCC_WARN_64_TO_32_BIT_CONVERSION = YES;
				GCC_WARN_ABOUT_RETURN_TYPE = YES_ERROR;
				GCC_WARN_UNDECLARED_SELECTOR = YES;
				GCC_WARN_UNINITIALIZED_AUTOS = YES_AGGRESSIVE;
				GCC_WARN_UNUSED_FUNCTION = YES;
				GCC_WARN_UNUSED_VARIABLE = YES;
				IPHONEOS_DEPLOYMENT_TARGET = 14.1;
				MTL_ENABLE_DEBUG_INFO = NO;
				MTL_FAST_MATH = YES;
				SDKROOT = iphoneos;
				SWIFT_COMPILATION_MODE = wholemodule;
				SWIFT_OPTIMIZATION_LEVEL = "-O";
				VALIDATE_PRODUCT = YES;
			};
			name = Release;
		};
		FF1137EC254FD0E50011E074 /* Debug */ = {
			isa = XCBuildConfiguration;
			buildSettings = {
				ASSETCATALOG_COMPILER_APPICON_NAME = AppIcon;
				ASSETCATALOG_COMPILER_GLOBAL_ACCENT_COLOR_NAME = AccentColor;
				CODE_SIGN_STYLE = Automatic;
				DEVELOPMENT_ASSET_PATHS = "\"Contacts/Preview Content\"";
				DEVELOPMENT_TEAM = JBMRXJPY8V;
				ENABLE_PREVIEWS = YES;
				INFOPLIST_FILE = Contacts/Supporting/Info.plist;
				IPHONEOS_DEPLOYMENT_TARGET = 14.0;
				LD_RUNPATH_SEARCH_PATHS = (
					"$(inherited)",
					"@executable_path/Frameworks",
				);
				PRODUCT_BUNDLE_IDENTIFIER = VS.Contacts;
				PRODUCT_NAME = "$(TARGET_NAME)";
				SWIFT_VERSION = 5.0;
				TARGETED_DEVICE_FAMILY = "1,2";
			};
			name = Debug;
		};
		FF1137ED254FD0E50011E074 /* Release */ = {
			isa = XCBuildConfiguration;
			buildSettings = {
				ASSETCATALOG_COMPILER_APPICON_NAME = AppIcon;
				ASSETCATALOG_COMPILER_GLOBAL_ACCENT_COLOR_NAME = AccentColor;
				CODE_SIGN_STYLE = Automatic;
				DEVELOPMENT_ASSET_PATHS = "\"Contacts/Preview Content\"";
				DEVELOPMENT_TEAM = JBMRXJPY8V;
				ENABLE_PREVIEWS = YES;
				INFOPLIST_FILE = Contacts/Supporting/Info.plist;
				IPHONEOS_DEPLOYMENT_TARGET = 14.0;
				LD_RUNPATH_SEARCH_PATHS = (
					"$(inherited)",
					"@executable_path/Frameworks",
				);
				PRODUCT_BUNDLE_IDENTIFIER = VS.Contacts;
				PRODUCT_NAME = "$(TARGET_NAME)";
				SWIFT_VERSION = 5.0;
				TARGETED_DEVICE_FAMILY = "1,2";
			};
			name = Release;
		};
/* End XCBuildConfiguration section */

/* Begin XCConfigurationList section */
		FF1137D7254FD0E30011E074 /* Build configuration list for PBXProject "Contacts" */ = {
			isa = XCConfigurationList;
			buildConfigurations = (
				FF1137E9254FD0E50011E074 /* Debug */,
				FF1137EA254FD0E50011E074 /* Release */,
			);
			defaultConfigurationIsVisible = 0;
			defaultConfigurationName = Release;
		};
		FF1137EB254FD0E50011E074 /* Build configuration list for PBXNativeTarget "Contacts" */ = {
			isa = XCConfigurationList;
			buildConfigurations = (
				FF1137EC254FD0E50011E074 /* Debug */,
				FF1137ED254FD0E50011E074 /* Release */,
			);
			defaultConfigurationIsVisible = 0;
			defaultConfigurationName = Release;
		};
/* End XCConfigurationList section */
	};
	rootObject = FF1137D4254FD0E30011E074 /* Project object */;
}
